// !$*UTF8*$!
{
	archiveVersion = 1;
	classes = {
	};
	objectVersion = 50;
	objects = {

/* Begin PBXBuildFile section */
		EAE06E59220178CB00F022B0 /* AppDelegate.m in Sources */ = {isa = PBXBuildFile; fileRef = EAE06E58220178CB00F022B0 /* AppDelegate.m */; };
		EAE06E5C220178CB00F022B0 /* ViewController.m in Sources */ = {isa = PBXBuildFile; fileRef = EAE06E5B220178CB00F022B0 /* ViewController.m */; };
		EAE06E5F220178CB00F022B0 /* Main.storyboard in Resources */ = {isa = PBXBuildFile; fileRef = EAE06E5D220178CB00F022B0 /* Main.storyboard */; };
		EAE06E61220178CD00F022B0 /* Assets.xcassets in Resources */ = {isa = PBXBuildFile; fileRef = EAE06E60220178CD00F022B0 /* Assets.xcassets */; };
		EAE06E64220178CD00F022B0 /* LaunchScreen.storyboard in Resources */ = {isa = PBXBuildFile; fileRef = EAE06E62220178CD00F022B0 /* LaunchScreen.storyboard */; };
		EAE06E67220178CD00F022B0 /* main.m in Sources */ = {isa = PBXBuildFile; fileRef = EAE06E66220178CD00F022B0 /* main.m */; };
		EAE06E6E2201795C00F022B0 /* apple.jpg in Resources */ = {isa = PBXBuildFile; fileRef = EAE06E6D2201795C00F022B0 /* apple.jpg */; };
/* End PBXBuildFile section */

/* Begin PBXFileReference section */
		EAE06E54220178CB00F022B0 /* AutoLayoutByConstraint.app */ = {isa = PBXFileReference; explicitFileType = wrapper.application; includeInIndex = 0; path = AutoLayoutByConstraint.app; sourceTree = BUILT_PRODUCTS_DIR; };
		EAE06E57220178CB00F022B0 /* AppDelegate.h */ = {isa = PBXFileReference; lastKnownFileType = sourcecode.c.h; path = AppDelegate.h; sourceTree = "<group>"; };
		EAE06E58220178CB00F022B0 /* AppDelegate.m */ = {isa = PBXFileReference; lastKnownFileType = sourcecode.c.objc; path = AppDelegate.m; sourceTree = "<group>"; };
		EAE06E5A220178CB00F022B0 /* ViewController.h */ = {isa = PBXFileReference; lastKnownFileType = sourcecode.c.h; path = ViewController.h; sourceTree = "<group>"; };
		EAE06E5B220178CB00F022B0 /* ViewController.m */ = {isa = PBXFileReference; lastKnownFileType = sourcecode.c.objc; path = ViewController.m; sourceTree = "<group>"; };
		EAE06E5E220178CB00F022B0 /* Base */ = {isa = PBXFileReference; lastKnownFileType = file.storyboard; name = Base; path = Base.lproj/Main.storyboard; sourceTree = "<group>"; };
		EAE06E60220178CD00F022B0 /* Assets.xcassets */ = {isa = PBXFileReference; lastKnownFileType = folder.assetcatalog; path = Assets.xcassets; sourceTree = "<group>"; };
		EAE06E63220178CD00F022B0 /* Base */ = {isa = PBXFileReference; lastKnownFileType = file.storyboard; name = Base; path = Base.lproj/LaunchScreen.storyboard; sourceTree = "<group>"; };
		EAE06E65220178CD00F022B0 /* Info.plist */ = {isa = PBXFileReference; lastKnownFileType = text.plist.xml; path = Info.plist; sourceTree = "<group>"; };
		EAE06E66220178CD00F022B0 /* main.m */ = {isa = PBXFileReference; lastKnownFileType = sourcecode.c.objc; path = main.m; sourceTree = "<group>"; };
		EAE06E6D2201795C00F022B0 /* apple.jpg */ = {isa = PBXFileReference; lastKnownFileType = image.jpeg; path = apple.jpg; sourceTree = "<group>"; };
/* End PBXFileReference section */

/* Begin PBXFrameworksBuildPhase section */
		EAE06E51220178CB00F022B0 /* Frameworks */ = {
			isa = PBXFrameworksBuildPhase;
			buildActionMask = 2147483647;
			files = (
			);
			runOnlyForDeploymentPostprocessing = 0;
		};
/* End PBXFrameworksBuildPhase section */

/* Begin PBXGroup section */
		EAE06E4B220178CB00F022B0 = {
			isa = PBXGroup;
			children = (
				EAE06E56220178CB00F022B0 /* AutoLayoutByConstraint */,
				EAE06E55220178CB00F022B0 /* Products */,
			);
			sourceTree = "<group>";
		};
		EAE06E55220178CB00F022B0 /* Products */ = {
			isa = PBXGroup;
			children = (
				EAE06E54220178CB00F022B0 /* AutoLayoutByConstraint.app */,
			);
			name = Products;
			sourceTree = "<group>";
		};
		EAE06E56220178CB00F022B0 /* AutoLayoutByConstraint */ = {
			isa = PBXGroup;
			children = (
				EAE06E57220178CB00F022B0 /* AppDelegate.h */,
				EAE06E58220178CB00F022B0 /* AppDelegate.m */,
				EAE06E6D2201795C00F022B0 /* apple.jpg */,
				EAE06E5A220178CB00F022B0 /* ViewController.h */,
				EAE06E5B220178CB00F022B0 /* ViewController.m */,
				EAE06E5D220178CB00F022B0 /* Main.storyboard */,
				EAE06E60220178CD00F022B0 /* Assets.xcassets */,
				EAE06E62220178CD00F022B0 /* LaunchScreen.storyboard */,
				EAE06E65220178CD00F022B0 /* Info.plist */,
				EAE06E66220178CD00F022B0 /* main.m */,
			);
			path = AutoLayoutByConstraint;
			sourceTree = "<group>";
		};
/* End PBXGroup section */

/* Begin PBXNativeTarget section */
		EAE06E53220178CB00F022B0 /* AutoLayoutByConstraint */ = {
			isa = PBXNativeTarget;
			buildConfigurationList = EAE06E6A220178CD00F022B0 /* Build configuration list for PBXNativeTarget "AutoLayoutByConstraint" */;
			buildPhases = (
				EAE06E50220178CB00F022B0 /* Sources */,
				EAE06E51220178CB00F022B0 /* Frameworks */,
				EAE06E52220178CB00F022B0 /* Resources */,
			);
			buildRules = (
			);
			dependencies = (
			);
			name = AutoLayoutByConstraint;
			productName = AutoLayoutByConstraint;
			productReference = EAE06E54220178CB00F022B0 /* AutoLayoutByConstraint.app */;
			productType = "com.apple.product-type.application";
		};
/* End PBXNativeTarget section */

/* Begin PBXProject section */
		EAE06E4C220178CB00F022B0 /* Project object */ = {
			isa = PBXProject;
			attributes = {
				LastUpgradeCheck = 1010;
				ORGANIZATIONNAME = "Puzhi Li";
				TargetAttributes = {
					EAE06E53220178CB00F022B0 = {
						CreatedOnToolsVersion = 10.1;
					};
				};
			};
			buildConfigurationList = EAE06E4F220178CB00F022B0 /* Build configuration list for PBXProject "AutoLayoutByConstraint" */;
			compatibilityVersion = "Xcode 9.3";
			developmentRegion = en;
			hasScannedForEncodings = 0;
			knownRegions = (
				en,
				Base,
			);
			mainGroup = EAE06E4B220178CB00F022B0;
			productRefGroup = EAE06E55220178CB00F022B0 /* Products */;
			projectDirPath = "";
			projectRoot = "";
			targets = (
				EAE06E53220178CB00F022B0 /* AutoLayoutByConstraint */,
			);
		};
/* End PBXProject section */

/* Begin PBXResourcesBuildPhase section */
		EAE06E52220178CB00F022B0 /* Resources */ = {
			isa = PBXResourcesBuildPhase;
			buildActionMask = 2147483647;
			files = (
				EAE06E64220178CD00F022B0 /* LaunchScreen.storyboard in Resources */,
				EAE06E61220178CD00F022B0 /* Assets.xcassets in Resources */,
				EAE06E6E2201795C00F022B0 /* apple.jpg in Resources */,
				EAE06E5F220178CB00F022B0 /* Main.storyboard in Resources */,
			);
			runOnlyForDeploymentPostprocessing = 0;
		};
/* End PBXResourcesBuildPhase section */

/* Begin PBXSourcesBuildPhase section */
		EAE06E50220178CB00F022B0 /* Sources */ = {
			isa = PBXSourcesBuildPhase;
			buildActionMask = 2147483647;
			files = (
				EAE06E5C220178CB00F022B0 /* ViewController.m in Sources */,
				EAE06E67220178CD00F022B0 /* main.m in Sources */,
				EAE06E59220178CB00F022B0 /* AppDelegate.m in Sources */,
			);
			runOnlyForDeploymentPostprocessing = 0;
		};
/* End PBXSourcesBuildPhase section */

/* Begin PBXVariantGroup section */
		EAE06E5D220178CB00F022B0 /* Main.storyboard */ = {
			isa = PBXVariantGroup;
			children = (
				EAE06E5E220178CB00F022B0 /* Base */,
			);
			name = Main.storyboard;
			sourceTree = "<group>";
		};
		EAE06E62220178CD00F022B0 /* LaunchScreen.storyboard */ = {
			isa = PBXVariantGroup;
			children = (
				EAE06E63220178CD00F022B0 /* Base */,
			);
			name = LaunchScreen.storyboard;
			sourceTree = "<group>";
		};
/* End PBXVariantGroup section */

/* Begin XCBuildConfiguration section */
		EAE06E68220178CD00F022B0 /* Debug */ = {
			isa = XCBuildConfiguration;
			buildSettings = {
				ALWAYS_SEARCH_USER_PATHS = NO;
				CLANG_ANALYZER_NONNULL = YES;
				CLANG_ANALYZER_NUMBER_OBJECT_CONVERSION = YES_AGGRESSIVE;
				CLANG_CXX_LANGUAGE_STANDARD = "gnu++14";
				CLANG_CXX_LIBRARY = "libc++";
				CLANG_ENABLE_MODULES = YES;
				CLANG_ENABLE_OBJC_ARC = YES;
				CLANG_ENABLE_OBJC_WEAK = YES;
				CLANG_WARN_BLOCK_CAPTURE_AUTORELEASING = YES;
				CLANG_WARN_BOOL_CONVERSION = YES;
				CLANG_WARN_COMMA = YES;
				CLANG_WARN_CONSTANT_CONVERSION = YES;
				CLANG_WARN_DEPRECATED_OBJC_IMPLEMENTATIONS = YES;
				CLANG_WARN_DIRECT_OBJC_ISA_USAGE = YES_ERROR;
				CLANG_WARN_DOCUMENTATION_COMMENTS = YES;
				CLANG_WARN_EMPTY_BODY = YES;
				CLANG_WARN_ENUM_CONVERSION = YES;
				CLANG_WARN_INFINITE_RECURSION = YES;
				CLANG_WARN_INT_CONVERSION = YES;
				CLANG_WARN_NON_LITERAL_NULL_CONVERSION = YES;
				CLANG_WARN_OBJC_IMPLICIT_RETAIN_SELF = YES;
				CLANG_WARN_OBJC_LITERAL_CONVERSION = YES;
				CLANG_WARN_OBJC_ROOT_CLASS = YES_ERROR;
				CLANG_WARN_RANGE_LOOP_ANALYSIS = YES;
				CLANG_WARN_STRICT_PROTOTYPES = YES;
				CLANG_WARN_SUSPICIOUS_MOVE = YES;
				CLANG_WARN_UNGUARDED_AVAILABILITY = YES_AGGRESSIVE;
				CLANG_WARN_UNREACHABLE_CODE = YES;
				CLANG_WARN__DUPLICATE_METHOD_MATCH = YES;
				CODE_SIGN_IDENTITY = "iPhone Developer";
				COPY_PHASE_STRIP = NO;
				DEBUG_INFORMATION_FORMAT = dwarf;
				ENABLE_STRICT_OBJC_MSGSEND = YES;
				ENABLE_TESTABILITY = YES;
				GCC_C_LANGUAGE_STANDARD = gnu11;
				GCC_DYNAMIC_NO_PIC = NO;
				GCC_NO_COMMON_BLOCKS = YES;
				GCC_OPTIMIZATION_LEVEL = 0;
				GCC_PREPROCESSOR_DEFINITIONS = (
					"DEBUG=1",
					"$(inherited)",
				);
				GCC_WARN_64_TO_32_BIT_CONVERSION = YES;
				GCC_WARN_ABOUT_RETURN_TYPE = YES_ERROR;
				GCC_WARN_UNDECLARED_SELECTOR = YES;
				GCC_WARN_UNINITIALIZED_AUTOS = YES_AGGRESSIVE;
				GCC_WARN_UNUSED_FUNCTION = YES;
				GCC_WARN_UNUSED_VARIABLE = YES;
				IPHONEOS_DEPLOYMENT_TARGET = 12.1;
				MTL_ENABLE_DEBUG_INFO = INCLUDE_SOURCE;
				MTL_FAST_MATH = YES;
				ONLY_ACTIVE_ARCH = YES;
				SDKROOT = iphoneos;
			};
			name = Debug;
		};
		EAE06E69220178CD00F022B0 /* Release */ = {
			isa = XCBuildConfiguration;
			buildSettings = {
				ALWAYS_SEARCH_USER_PATHS = NO;
				CLANG_ANALYZER_NONNULL = YES;
				CLANG_ANALYZER_NUMBER_OBJECT_CONVERSION = YES_AGGRESSIVE;
				CLANG_CXX_LANGUAGE_STANDARD = "gnu++14";
				CLANG_CXX_LIBRARY = "libc++";
				CLANG_ENABLE_MODULES = YES;
				CLANG_ENABLE_OBJC_ARC = YES;
				CLANG_ENABLE_OBJC_WEAK = YES;
				CLANG_WARN_BLOCK_CAPTURE_AUTORELEASING = YES;
				CLANG_WARN_BOOL_CONVERSION = YES;
				CLANG_WARN_COMMA = YES;
				CLANG_WARN_CONSTANT_CONVERSION = YES;
				CLANG_WARN_DEPRECATED_OBJC_IMPLEMENTATIONS = YES;
				CLANG_WARN_DIRECT_OBJC_ISA_USAGE = YES_ERROR;
				CLANG_WARN_DOCUMENTATION_COMMENTS = YES;
				CLANG_WARN_EMPTY_BODY = YES;
				CLANG_WARN_ENUM_CONVERSION = YES;
				CLANG_WARN_INFINITE_RECURSION = YES;
				CLANG_WARN_INT_CONVERSION = YES;
				CLANG_WARN_NON_LITERAL_NULL_CONVERSION = YES;
				CLANG_WARN_OBJC_IMPLICIT_RETAIN_SELF = YES;
				CLANG_WARN_OBJC_LITERAL_CONVERSION = YES;
				CLANG_WARN_OBJC_ROOT_CLASS = YES_ERROR;
				CLANG_WARN_RANGE_LOOP_ANALYSIS = YES;
				CLANG_WARN_STRICT_PROTOTYPES = YES;
				CLANG_WARN_SUSPICIOUS_MOVE = YES;
				CLANG_WARN_UNGUARDED_AVAILABILITY = YES_AGGRESSIVE;
				CLANG_WARN_UNREACHABLE_CODE = YES;
				CLANG_WARN__DUPLICATE_METHOD_MATCH = YES;
				CODE_SIGN_IDENTITY = "iPhone Developer";
				COPY_PHASE_STRIP = NO;
				DEBUG_INFORMATION_FORMAT = "dwarf-with-dsym";
				ENABLE_NS_ASSERTIONS = NO;
				ENABLE_STRICT_OBJC_MSGSEND = YES;
				GCC_C_LANGUAGE_STANDARD = gnu11;
				GCC_NO_COMMON_BLOCKS = YES;
				GCC_WARN_64_TO_32_BIT_CONVERSION = YES;
				GCC_WARN_ABOUT_RETURN_TYPE = YES_ERROR;
				GCC_WARN_UNDECLARED_SELECTOR = YES;
				GCC_WARN_UNINITIALIZED_AUTOS = YES_AGGRESSIVE;
				GCC_WARN_UNUSED_FUNCTION = YES;
				GCC_WARN_UNUSED_VARIABLE = YES;
				IPHONEOS_DEPLOYMENT_TARGET = 12.1;
				MTL_ENABLE_DEBUG_INFO = NO;
				MTL_FAST_MATH = YES;
				SDKROOT = iphoneos;
				VALIDATE_PRODUCT = YES;
			};
			name = Release;
		};
		EAE06E6B220178CD00F022B0 /* Debug */ = {
			isa = XCBuildConfiguration;
			buildSettings = {
				ASSETCATALOG_COMPILER_APPICON_NAME = AppIcon;
				CODE_SIGN_STYLE = Automatic;
				DEVELOPMENT_TEAM = QL25L53Z5E;
				INFOPLIST_FILE = AutoLayoutByConstraint/Info.plist;
				LD_RUNPATH_SEARCH_PATHS = (
					"$(inherited)",
					"@executable_path/Frameworks",
				);
				PRODUCT_BUNDLE_IDENTIFIER = com.puzhi.AutoLayoutByConstraint;
				PRODUCT_NAME = "$(TARGET_NAME)";
				TARGETED_DEVICE_FAMILY = "1,2";
			};
			name = Debug;
		};
		EAE06E6C220178CD00F022B0 /* Release */ = {
			isa = XCBuildConfiguration;
			buildSettings = {
				ASSETCATALOG_COMPILER_APPICON_NAME = AppIcon;
				CODE_SIGN_STYLE = Automatic;
				DEVELOPMENT_TEAM = QL25L53Z5E;
				INFOPLIST_FILE = AutoLayoutByConstraint/Info.plist;
				LD_RUNPATH_SEARCH_PATHS = (
					"$(inherited)",
					"@executable_path/Frameworks",
				);
				PRODUCT_BUNDLE_IDENTIFIER = com.puzhi.AutoLayoutByConstraint;
				PRODUCT_NAME = "$(TARGET_NAME)";
				TARGETED_DEVICE_FAMILY = "1,2";
			};
			name = Release;
		};
/* End XCBuildConfiguration section */

/* Begin XCConfigurationList section */
		EAE06E4F220178CB00F022B0 /* Build configuration list for PBXProject "AutoLayoutByConstraint" */ = {
			isa = XCConfigurationList;
			buildConfigurations = (
				EAE06E68220178CD00F022B0 /* Debug */,
				EAE06E69220178CD00F022B0 /* Release */,
			);
			defaultConfigurationIsVisible = 0;
			defaultConfigurationName = Release;
		};
		EAE06E6A220178CD00F022B0 /* Build configuration list for PBXNativeTarget "AutoLayoutByConstraint" */ = {
			isa = XCConfigurationList;
			buildConfigurations = (
				EAE06E6B220178CD00F022B0 /* Debug */,
				EAE06E6C220178CD00F022B0 /* Release */,
			);
			defaultConfigurationIsVisible = 0;
			defaultConfigurationName = Release;
		};
/* End XCConfigurationList section */
	};
	rootObject = EAE06E4C220178CB00F022B0 /* Project object */;
}
